// !$*UTF8*$!
{
	archiveVersion = 1;
	classes = {
	};
	objectVersion = 46;
	objects = {

/* Begin PBXBuildFile section */
		EAD22CE618E48DFD00A6B72E /* Foundation.framework in Frameworks */ = {isa = PBXBuildFile; fileRef = EAD22CE518E48DFD00A6B72E /* Foundation.framework */; };
		EAD22CE818E48DFD00A6B72E /* CoreGraphics.framework in Frameworks */ = {isa = PBXBuildFile; fileRef = EAD22CE718E48DFD00A6B72E /* CoreGraphics.framework */; };
		EAD22CEA18E48DFD00A6B72E /* UIKit.framework in Frameworks */ = {isa = PBXBuildFile; fileRef = EAD22CE918E48DFD00A6B72E /* UIKit.framework */; };
		EAD22CF018E48DFD00A6B72E /* InfoPlist.strings in Resources */ = {isa = PBXBuildFile; fileRef = EAD22CEE18E48DFD00A6B72E /* InfoPlist.strings */; };
		EAD22CF218E48DFD00A6B72E /* main.m in Sources */ = {isa = PBXBuildFile; fileRef = EAD22CF118E48DFD00A6B72E /* main.m */; };
		EAD22CF618E48DFD00A6B72E /* AppDelegate.m in Sources */ = {isa = PBXBuildFile; fileRef = EAD22CF518E48DFD00A6B72E /* AppDelegate.m */; };
		EAD22CF918E48DFD00A6B72E /* Main.storyboard in Resources */ = {isa = PBXBuildFile; fileRef = EAD22CF718E48DFD00A6B72E /* Main.storyboard */; };
		EAD22CFC18E48DFD00A6B72E /* ViewController.m in Sources */ = {isa = PBXBuildFile; fileRef = EAD22CFB18E48DFD00A6B72E /* ViewController.m */; };
		EAD22CFE18E48DFD00A6B72E /* Images.xcassets in Resources */ = {isa = PBXBuildFile; fileRef = EAD22CFD18E48DFD00A6B72E /* Images.xcassets */; };
		EAD22D0518E48DFD00A6B72E /* XCTest.framework in Frameworks */ = {isa = PBXBuildFile; fileRef = EAD22D0418E48DFD00A6B72E /* XCTest.framework */; };
		EAD22D0618E48DFD00A6B72E /* Foundation.framework in Frameworks */ = {isa = PBXBuildFile; fileRef = EAD22CE518E48DFD00A6B72E /* Foundation.framework */; };
		EAD22D0718E48DFD00A6B72E /* UIKit.framework in Frameworks */ = {isa = PBXBuildFile; fileRef = EAD22CE918E48DFD00A6B72E /* UIKit.framework */; };
		EAD22D2118E48EB800A6B72E /* DZLPageViewCell.m in Sources */ = {isa = PBXBuildFile; fileRef = EAD22D1F18E48EB800A6B72E /* DZLPageViewCell.m */; };
		EAD22D2418E48F2000A6B72E /* DZLPageView.m in Sources */ = {isa = PBXBuildFile; fileRef = EAD22D2318E48F2000A6B72E /* DZLPageView.m */; };
/* End PBXBuildFile section */

/* Begin PBXContainerItemProxy section */
		EAD22D0818E48DFD00A6B72E /* PBXContainerItemProxy */ = {
			isa = PBXContainerItemProxy;
			containerPortal = EAD22CDA18E48DFD00A6B72E /* Project object */;
			proxyType = 1;
			remoteGlobalIDString = EAD22CE118E48DFD00A6B72E;
			remoteInfo = DZLPageView;
		};
/* End PBXContainerItemProxy section */

/* Begin PBXFileReference section */
		EAD22CE218E48DFD00A6B72E /* Example.app */ = {isa = PBXFileReference; explicitFileType = wrapper.application; includeInIndex = 0; path = Example.app; sourceTree = BUILT_PRODUCTS_DIR; };
		EAD22CE518E48DFD00A6B72E /* Foundation.framework */ = {isa = PBXFileReference; lastKnownFileType = wrapper.framework; name = Foundation.framework; path = System/Library/Frameworks/Foundation.framework; sourceTree = SDKROOT; };
		EAD22CE718E48DFD00A6B72E /* CoreGraphics.framework */ = {isa = PBXFileReference; lastKnownFileType = wrapper.framework; name = CoreGraphics.framework; path = System/Library/Frameworks/CoreGraphics.framework; sourceTree = SDKROOT; };
		EAD22CE918E48DFD00A6B72E /* UIKit.framework */ = {isa = PBXFileReference; lastKnownFileType = wrapper.framework; name = UIKit.framework; path = System/Library/Frameworks/UIKit.framework; sourceTree = SDKROOT; };
		EAD22CED18E48DFD00A6B72E /* Example-Info.plist */ = {isa = PBXFileReference; lastKnownFileType = text.plist.xml; path = "Example-Info.plist"; sourceTree = "<group>"; };
		EAD22CEF18E48DFD00A6B72E /* en */ = {isa = PBXFileReference; lastKnownFileType = text.plist.strings; name = en; path = en.lproj/InfoPlist.strings; sourceTree = "<group>"; };
		EAD22CF118E48DFD00A6B72E /* main.m */ = {isa = PBXFileReference; lastKnownFileType = sourcecode.c.objc; path = main.m; sourceTree = "<group>"; };
		EAD22CF318E48DFD00A6B72E /* Example-Prefix.pch */ = {isa = PBXFileReference; lastKnownFileType = sourcecode.c.h; path = "Example-Prefix.pch"; sourceTree = "<group>"; };
		EAD22CF418E48DFD00A6B72E /* AppDelegate.h */ = {isa = PBXFileReference; lastKnownFileType = sourcecode.c.h; path = AppDelegate.h; sourceTree = "<group>"; };
		EAD22CF518E48DFD00A6B72E /* AppDelegate.m */ = {isa = PBXFileReference; lastKnownFileType = sourcecode.c.objc; path = AppDelegate.m; sourceTree = "<group>"; };
		EAD22CF818E48DFD00A6B72E /* Base */ = {isa = PBXFileReference; lastKnownFileType = file.storyboard; name = Base; path = Base.lproj/Main.storyboard; sourceTree = "<group>"; };
		EAD22CFA18E48DFD00A6B72E /* ViewController.h */ = {isa = PBXFileReference; lastKnownFileType = sourcecode.c.h; path = ViewController.h; sourceTree = "<group>"; };
		EAD22CFB18E48DFD00A6B72E /* ViewController.m */ = {isa = PBXFileReference; lastKnownFileType = sourcecode.c.objc; path = ViewController.m; sourceTree = "<group>"; };
		EAD22CFD18E48DFD00A6B72E /* Images.xcassets */ = {isa = PBXFileReference; lastKnownFileType = folder.assetcatalog; path = Images.xcassets; sourceTree = "<group>"; };
		EAD22D0318E48DFD00A6B72E /* ExampleTests.xctest */ = {isa = PBXFileReference; explicitFileType = wrapper.cfbundle; includeInIndex = 0; path = ExampleTests.xctest; sourceTree = BUILT_PRODUCTS_DIR; };
		EAD22D0418E48DFD00A6B72E /* XCTest.framework */ = {isa = PBXFileReference; lastKnownFileType = wrapper.framework; name = XCTest.framework; path = Library/Frameworks/XCTest.framework; sourceTree = DEVELOPER_DIR; };
		EAD22D1E18E48EB800A6B72E /* DZLPageViewCell.h */ = {isa = PBXFileReference; fileEncoding = 4; lastKnownFileType = sourcecode.c.h; path = DZLPageViewCell.h; sourceTree = "<group>"; };
		EAD22D1F18E48EB800A6B72E /* DZLPageViewCell.m */ = {isa = PBXFileReference; fileEncoding = 4; lastKnownFileType = sourcecode.c.objc; path = DZLPageViewCell.m; sourceTree = "<group>"; };
		EAD22D2218E48F2000A6B72E /* DZLPageView.h */ = {isa = PBXFileReference; fileEncoding = 4; lastKnownFileType = sourcecode.c.h; path = DZLPageView.h; sourceTree = "<group>"; };
		EAD22D2318E48F2000A6B72E /* DZLPageView.m */ = {isa = PBXFileReference; fileEncoding = 4; lastKnownFileType = sourcecode.c.objc; path = DZLPageView.m; sourceTree = "<group>"; };
/* End PBXFileReference section */

/* Begin PBXFrameworksBuildPhase section */
		EAD22CDF18E48DFD00A6B72E /* Frameworks */ = {
			isa = PBXFrameworksBuildPhase;
			buildActionMask = 2147483647;
			files = (
				EAD22CE818E48DFD00A6B72E /* CoreGraphics.framework in Frameworks */,
				EAD22CEA18E48DFD00A6B72E /* UIKit.framework in Frameworks */,
				EAD22CE618E48DFD00A6B72E /* Foundation.framework in Frameworks */,
			);
			runOnlyForDeploymentPostprocessing = 0;
		};
		EAD22D0018E48DFD00A6B72E /* Frameworks */ = {
			isa = PBXFrameworksBuildPhase;
			buildActionMask = 2147483647;
			files = (
				EAD22D0518E48DFD00A6B72E /* XCTest.framework in Frameworks */,
				EAD22D0718E48DFD00A6B72E /* UIKit.framework in Frameworks */,
				EAD22D0618E48DFD00A6B72E /* Foundation.framework in Frameworks */,
			);
			runOnlyForDeploymentPostprocessing = 0;
		};
/* End PBXFrameworksBuildPhase section */

/* Begin PBXGroup section */
		EAD22CD918E48DFD00A6B72E = {
			isa = PBXGroup;
			children = (
				EAD22D1A18E48EB800A6B72E /* DZLPageView */,
				EAD22CEB18E48DFD00A6B72E /* Example */,
				EAD22CE418E48DFD00A6B72E /* Frameworks */,
				EAD22CE318E48DFD00A6B72E /* Products */,
			);
			sourceTree = "<group>";
		};
		EAD22CE318E48DFD00A6B72E /* Products */ = {
			isa = PBXGroup;
			children = (
				EAD22CE218E48DFD00A6B72E /* Example.app */,
				EAD22D0318E48DFD00A6B72E /* ExampleTests.xctest */,
			);
			name = Products;
			sourceTree = "<group>";
		};
		EAD22CE418E48DFD00A6B72E /* Frameworks */ = {
			isa = PBXGroup;
			children = (
				EAD22CE518E48DFD00A6B72E /* Foundation.framework */,
				EAD22CE718E48DFD00A6B72E /* CoreGraphics.framework */,
				EAD22CE918E48DFD00A6B72E /* UIKit.framework */,
				EAD22D0418E48DFD00A6B72E /* XCTest.framework */,
			);
			name = Frameworks;
			sourceTree = "<group>";
		};
		EAD22CEB18E48DFD00A6B72E /* Example */ = {
			isa = PBXGroup;
			children = (
				EAD22CF418E48DFD00A6B72E /* AppDelegate.h */,
				EAD22CF518E48DFD00A6B72E /* AppDelegate.m */,
				EAD22CF718E48DFD00A6B72E /* Main.storyboard */,
				EAD22CFA18E48DFD00A6B72E /* ViewController.h */,
				EAD22CFB18E48DFD00A6B72E /* ViewController.m */,
				EAD22CFD18E48DFD00A6B72E /* Images.xcassets */,
				EAD22CEC18E48DFD00A6B72E /* Supporting Files */,
			);
			path = Example;
			sourceTree = "<group>";
		};
		EAD22CEC18E48DFD00A6B72E /* Supporting Files */ = {
			isa = PBXGroup;
			children = (
				EAD22CED18E48DFD00A6B72E /* Example-Info.plist */,
				EAD22CEE18E48DFD00A6B72E /* InfoPlist.strings */,
				EAD22CF118E48DFD00A6B72E /* main.m */,
				EAD22CF318E48DFD00A6B72E /* Example-Prefix.pch */,
			);
			name = "Supporting Files";
			sourceTree = "<group>";
		};
		EAD22D1A18E48EB800A6B72E /* DZLPageView */ = {
			isa = PBXGroup;
			children = (
				EAD22D2218E48F2000A6B72E /* DZLPageView.h */,
				EAD22D2318E48F2000A6B72E /* DZLPageView.m */,
				EAD22D1B18E48EB800A6B72E /* DZLPageViewCell */,
			);
			name = DZLPageView;
			path = ../DZLPageView;
			sourceTree = "<group>";
		};
		EAD22D1B18E48EB800A6B72E /* DZLPageViewCell */ = {
			isa = PBXGroup;
			children = (
				EAD22D1E18E48EB800A6B72E /* DZLPageViewCell.h */,
				EAD22D1F18E48EB800A6B72E /* DZLPageViewCell.m */,
			);
			path = DZLPageViewCell;
			sourceTree = "<group>";
		};
/* End PBXGroup section */

/* Begin PBXNativeTarget section */
		EAD22CE118E48DFD00A6B72E /* Example */ = {
			isa = PBXNativeTarget;
			buildConfigurationList = EAD22D1418E48DFD00A6B72E /* Build configuration list for PBXNativeTarget "Example" */;
			buildPhases = (
				EAD22CDE18E48DFD00A6B72E /* Sources */,
				EAD22CDF18E48DFD00A6B72E /* Frameworks */,
				EAD22CE018E48DFD00A6B72E /* Resources */,
			);
			buildRules = (
			);
			dependencies = (
			);
			name = Example;
			productName = DZLPageView;
			productReference = EAD22CE218E48DFD00A6B72E /* Example.app */;
			productType = "com.apple.product-type.application";
		};
		EAD22D0218E48DFD00A6B72E /* ExampleTests */ = {
			isa = PBXNativeTarget;
			buildConfigurationList = EAD22D1718E48DFD00A6B72E /* Build configuration list for PBXNativeTarget "ExampleTests" */;
			buildPhases = (
				EAD22CFF18E48DFD00A6B72E /* Sources */,
				EAD22D0018E48DFD00A6B72E /* Frameworks */,
				EAD22D0118E48DFD00A6B72E /* Resources */,
			);
			buildRules = (
			);
			dependencies = (
				EAD22D0918E48DFD00A6B72E /* PBXTargetDependency */,
			);
			name = ExampleTests;
			productName = DZLPageViewTests;
			productReference = EAD22D0318E48DFD00A6B72E /* ExampleTests.xctest */;
			productType = "com.apple.product-type.bundle.unit-test";
		};
/* End PBXNativeTarget section */

/* Begin PBXProject section */
		EAD22CDA18E48DFD00A6B72E /* Project object */ = {
			isa = PBXProject;
			attributes = {
				LastUpgradeCheck = 0510;
				ORGANIZATIONNAME = "Sam Dods";
				TargetAttributes = {
					EAD22D0218E48DFD00A6B72E = {
						TestTargetID = EAD22CE118E48DFD00A6B72E;
					};
				};
			};
			buildConfigurationList = EAD22CDD18E48DFD00A6B72E /* Build configuration list for PBXProject "Example" */;
			compatibilityVersion = "Xcode 3.2";
			developmentRegion = English;
			hasScannedForEncodings = 0;
			knownRegions = (
				en,
				Base,
			);
			mainGroup = EAD22CD918E48DFD00A6B72E;
			productRefGroup = EAD22CE318E48DFD00A6B72E /* Products */;
			projectDirPath = "";
			projectRoot = "";
			targets = (
				EAD22CE118E48DFD00A6B72E /* Example */,
				EAD22D0218E48DFD00A6B72E /* ExampleTests */,
			);
		};
/* End PBXProject section */

/* Begin PBXResourcesBuildPhase section */
		EAD22CE018E48DFD00A6B72E /* Resources */ = {
			isa = PBXResourcesBuildPhase;
			buildActionMask = 2147483647;
			files = (
				EAD22CFE18E48DFD00A6B72E /* Images.xcassets in Resources */,
				EAD22CF018E48DFD00A6B72E /* InfoPlist.strings in Resources */,
				EAD22CF918E48DFD00A6B72E /* Main.storyboard in Resources */,
			);
			runOnlyForDeploymentPostprocessing = 0;
		};
		EAD22D0118E48DFD00A6B72E /* Resources */ = {
			isa = PBXResourcesBuildPhase;
			buildActionMask = 2147483647;
			files = (
			);
			runOnlyForDeploymentPostprocessing = 0;
		};
/* End PBXResourcesBuildPhase section */

/* Begin PBXSourcesBuildPhase section */
		EAD22CDE18E48DFD00A6B72E /* Sources */ = {
			isa = PBXSourcesBuildPhase;
			buildActionMask = 2147483647;
			files = (
				EAD22D2418E48F2000A6B72E /* DZLPageView.m in Sources */,
				EAD22CFC18E48DFD00A6B72E /* ViewController.m in Sources */,
				EAD22D2118E48EB800A6B72E /* DZLPageViewCell.m in Sources */,
				EAD22CF618E48DFD00A6B72E /* AppDelegate.m in Sources */,
				EAD22CF218E48DFD00A6B72E /* main.m in Sources */,
			);
			runOnlyForDeploymentPostprocessing = 0;
		};
		EAD22CFF18E48DFD00A6B72E /* Sources */ = {
			isa = PBXSourcesBuildPhase;
			buildActionMask = 2147483647;
			files = (
			);
			runOnlyForDeploymentPostprocessing = 0;
		};
/* End PBXSourcesBuildPhase section */

/* Begin PBXTargetDependency section */
		EAD22D0918E48DFD00A6B72E /* PBXTargetDependency */ = {
			isa = PBXTargetDependency;
			target = EAD22CE118E48DFD00A6B72E /* Example */;
			targetProxy = EAD22D0818E48DFD00A6B72E /* PBXContainerItemProxy */;
		};
/* End PBXTargetDependency section */

/* Begin PBXVariantGroup section */
		EAD22CEE18E48DFD00A6B72E /* InfoPlist.strings */ = {
			isa = PBXVariantGroup;
			children = (
				EAD22CEF18E48DFD00A6B72E /* en */,
			);
			name = InfoPlist.strings;
			sourceTree = "<group>";
		};
		EAD22CF718E48DFD00A6B72E /* Main.storyboard */ = {
			isa = PBXVariantGroup;
			children = (
				EAD22CF818E48DFD00A6B72E /* Base */,
			);
			name = Main.storyboard;
			sourceTree = "<group>";
		};
/* End PBXVariantGroup section */

/* Begin XCBuildConfiguration section */
		EAD22D1218E48DFD00A6B72E /* Debug */ = {
			isa = XCBuildConfiguration;
			buildSettings = {
				ALWAYS_SEARCH_USER_PATHS = NO;
				CLANG_CXX_LANGUAGE_STANDARD = "gnu++0x";
				CLANG_CXX_LIBRARY = "libc++";
				CLANG_ENABLE_MODULES = YES;
				CLANG_ENABLE_OBJC_ARC = YES;
				CLANG_WARN_BOOL_CONVERSION = YES;
				CLANG_WARN_CONSTANT_CONVERSION = YES;
				CLANG_WARN_DIRECT_OBJC_ISA_USAGE = YES_ERROR;
				CLANG_WARN_EMPTY_BODY = YES;
				CLANG_WARN_ENUM_CONVERSION = YES;
				CLANG_WARN_INT_CONVERSION = YES;
				CLANG_WARN_OBJC_ROOT_CLASS = YES_ERROR;
				CLANG_WARN__DUPLICATE_METHOD_MATCH = YES;
				"CODE_SIGN_IDENTITY[sdk=iphoneos*]" = "iPhone Developer";
				COPY_PHASE_STRIP = NO;
				GCC_C_LANGUAGE_STANDARD = gnu99;
				GCC_DYNAMIC_NO_PIC = NO;
				GCC_OPTIMIZATION_LEVEL = 0;
				GCC_PREPROCESSOR_DEFINITIONS = (
					"DEBUG=1",
					"$(inherited)",
				);
				GCC_SYMBOLS_PRIVATE_EXTERN = NO;
				GCC_WARN_64_TO_32_BIT_CONVERSION = YES;
				GCC_WARN_ABOUT_RETURN_TYPE = YES_ERROR;
				GCC_WARN_UNDECLARED_SELECTOR = YES;
				GCC_WARN_UNINITIALIZED_AUTOS = YES_AGGRESSIVE;
				GCC_WARN_UNUSED_FUNCTION = YES;
				GCC_WARN_UNUSED_VARIABLE = YES;
				IPHONEOS_DEPLOYMENT_TARGET = 7.1;
				ONLY_ACTIVE_ARCH = YES;
				SDKROOT = iphoneos;
			};
			name = Debug;
		};
		EAD22D1318E48DFD00A6B72E /* Release */ = {
			isa = XCBuildConfiguration;
			buildSettings = {
				ALWAYS_SEARCH_USER_PATHS = NO;
				CLANG_CXX_LANGUAGE_STANDARD = "gnu++0x";
				CLANG_CXX_LIBRARY = "libc++";
				CLANG_ENABLE_MODULES = YES;
				CLANG_ENABLE_OBJC_ARC = YES;
				CLANG_WARN_BOOL_CONVERSION = YES;
				CLANG_WARN_CONSTANT_CONVERSION = YES;
				CLANG_WARN_DIRECT_OBJC_ISA_USAGE = YES_ERROR;
				CLANG_WARN_EMPTY_BODY = YES;
				CLANG_WARN_ENUM_CONVERSION = YES;
				CLANG_WARN_INT_CONVERSION = YES;
				CLANG_WARN_OBJC_ROOT_CLASS = YES_ERROR;
				CLANG_WARN__DUPLICATE_METHOD_MATCH = YES;
				"CODE_SIGN_IDENTITY[sdk=iphoneos*]" = "iPhone Developer";
				COPY_PHASE_STRIP = YES;
				ENABLE_NS_ASSERTIONS = NO;
				GCC_C_LANGUAGE_STANDARD = gnu99;
				GCC_WARN_64_TO_32_BIT_CONVERSION = YES;
				GCC_WARN_ABOUT_RETURN_TYPE = YES_ERROR;
				GCC_WARN_UNDECLARED_SELECTOR = YES;
				GCC_WARN_UNINITIALIZED_AUTOS = YES_AGGRESSIVE;
				GCC_WARN_UNUSED_FUNCTION = YES;
				GCC_WARN_UNUSED_VARIABLE = YES;
				IPHONEOS_DEPLOYMENT_TARGET = 7.1;
				SDKROOT = iphoneos;
				VALIDATE_PRODUCT = YES;
			};
			name = Release;
		};
		EAD22D1518E48DFD00A6B72E /* Debug */ = {
			isa = XCBuildConfiguration;
			buildSettings = {
				ASSETCATALOG_COMPILER_APPICON_NAME = AppIcon;
				ASSETCATALOG_COMPILER_LAUNCHIMAGE_NAME = LaunchImage;
				GCC_PRECOMPILE_PREFIX_HEADER = YES;
				GCC_PREFIX_HEADER = "Example/Example-Prefix.pch";
				INFOPLIST_FILE = "Example/Example-Info.plist";
				PRODUCT_NAME = Example;
				WRAPPER_EXTENSION = app;
			};
			name = Debug;
		};
		EAD22D1618E48DFD00A6B72E /* Release */ = {
			isa = XCBuildConfiguration;
			buildSettings = {
				ASSETCATALOG_COMPILER_APPICON_NAME = AppIcon;
				ASSETCATALOG_COMPILER_LAUNCHIMAGE_NAME = LaunchImage;
				GCC_PRECOMPILE_PREFIX_HEADER = YES;
				GCC_PREFIX_HEADER = "Example/Example-Prefix.pch";
				INFOPLIST_FILE = "Example/Example-Info.plist";
				PRODUCT_NAME = Example;
				WRAPPER_EXTENSION = app;
			};
			name = Release;
		};
		EAD22D1818E48DFD00A6B72E /* Debug */ = {
			isa = XCBuildConfiguration;
			buildSettings = {
				BUNDLE_LOADER = "$(BUILT_PRODUCTS_DIR)/DZLPageView.app/DZLPageView";
				FRAMEWORK_SEARCH_PATHS = (
					"$(SDKROOT)/Developer/Library/Frameworks",
					"$(inherited)",
					"$(DEVELOPER_FRAMEWORKS_DIR)",
				);
				GCC_PRECOMPILE_PREFIX_HEADER = YES;
				GCC_PREFIX_HEADER = "DZLPageView/DZLPageView-Prefix.pch";
				GCC_PREPROCESSOR_DEFINITIONS = (
					"DEBUG=1",
					"$(inherited)",
				);
				INFOPLIST_FILE = "DZLPageViewTests/ExampleTests-Info.plist";
				PRODUCT_NAME = ExampleTests;
				TEST_HOST = "$(BUNDLE_LOADER)";
				WRAPPER_EXTENSION = xctest;
			};
			name = Debug;
		};
		EAD22D1918E48DFD00A6B72E /* Release */ = {
			isa = XCBuildConfiguration;
			buildSettings = {
				BUNDLE_LOADER = "$(BUILT_PRODUCTS_DIR)/DZLPageView.app/DZLPageView";
				FRAMEWORK_SEARCH_PATHS = (
					"$(SDKROOT)/Developer/Library/Frameworks",
					"$(inherited)",
					"$(DEVELOPER_FRAMEWORKS_DIR)",
				);
				GCC_PRECOMPILE_PREFIX_HEADER = YES;
				GCC_PREFIX_HEADER = "DZLPageView/DZLPageView-Prefix.pch";
				INFOPLIST_FILE = "DZLPageViewTests/ExampleTests-Info.plist";
				PRODUCT_NAME = ExampleTests;
				TEST_HOST = "$(BUNDLE_LOADER)";
				WRAPPER_EXTENSION = xctest;
			};
			name = Release;
		};
/* End XCBuildConfiguration section */

/* Begin XCConfigurationList section */
		EAD22CDD18E48DFD00A6B72E /* Build configuration list for PBXProject "Example" */ = {
			isa = XCConfigurationList;
			buildConfigurations = (
				EAD22D1218E48DFD00A6B72E /* Debug */,
				EAD22D1318E48DFD00A6B72E /* Release */,
			);
			defaultConfigurationIsVisible = 0;
			defaultConfigurationName = Release;
		};
		EAD22D1418E48DFD00A6B72E /* Build configuration list for PBXNativeTarget "Example" */ = {
			isa = XCConfigurationList;
			buildConfigurations = (
				EAD22D1518E48DFD00A6B72E /* Debug */,
				EAD22D1618E48DFD00A6B72E /* Release */,
			);
			defaultConfigurationIsVisible = 0;
			defaultConfigurationName = Release;
		};
		EAD22D1718E48DFD00A6B72E /* Build configuration list for PBXNativeTarget "ExampleTests" */ = {
			isa = XCConfigurationList;
			buildConfigurations = (
				EAD22D1818E48DFD00A6B72E /* Debug */,
				EAD22D1918E48DFD00A6B72E /* Release */,
			);
			defaultConfigurationIsVisible = 0;
			defaultConfigurationName = Release;
		};
/* End XCConfigurationList section */
	};
	rootObject = EAD22CDA18E48DFD00A6B72E /* Project object */;
}
